
Microsoft Visual Studio Solution File, Format Version 11.00
# Visual C++ Express 2010
Project("{8BC9CEB8-8B4A-11D0-8D11-00A0C91BC942}") = "Assigment_1_template", "Assigment_1_template\Assigment_1_template.vcxproj", "{624E2D8A-0BD4-4DCE-89BB-1F09AF47220F}"
EndProject
Global
	GlobalSection(SolutionConfigurationPlatforms) = preSolution
		Debug|Win32 = Debug|Win32
		Release|Win32 = Release|Win32
	EndGlobalSection
	GlobalSection(ProjectConfigurationPlatforms) = postSolution
		{624E2D8A-0BD4-4DCE-89BB-1F09AF47220F}.Debug|Win32.ActiveCfg = Debug|Win32
		{624E2D8A-0BD4-4DCE-89BB-1F09AF47220F}.Debug|Win32.Build.0 = Debug|Win32
		{624E2D8A-0BD4-4DCE-89BB-1F09AF47220F}.Release|Win32.ActiveCfg = Release|Win32
		{624E2D8A-0BD4-4DCE-89BB-1F09AF47220F}.Release|Win32.Build.0 = Release|Win32
	EndGlobalSection
	GlobalSection(SolutionProperties) = preSolution
		HideSolutionNode = FALSE
	EndGlobalSection
EndGlobal
